
Microsoft Visual Studio Solution File, Format Version 12.00
# Visual Studio Version 17
VisualStudioVersion = 17.1.32407.343
MinimumVisualStudioVersion = 10.0.40219.1
Project("{9A19103F-16F7-4668-BE54-9A1E7A4F7556}") = "APIS", "APIS.csproj", "{66CEEC51-D4D1-496F-B56B-32B18F34DFEC}"
EndProject
Project("{9A19103F-16F7-4668-BE54-9A1E7A4F7556}") = "Models", "..\Models\Models.csproj", "{3D004A15-3C01-49A5-B67B-C56394160A7F}"
EndProject
Project("{9A19103F-16F7-4668-BE54-9A1E7A4F7556}") = "DataAccessLayer", "..\DataAccessLayer\DataAccessLayer.csproj", "{E3E87103-B49C-433B-BF0F-3985F012FFBC}"
EndProject
Project("{9A19103F-16F7-4668-BE54-9A1E7A4F7556}") = "IDataAccessLayer", "..\IDataAccessLayer\IDataAccessLayer.csproj", "{82CD8FD3-DBA8-4C9B-8F2B-39ADD1769922}"
EndProject
Project("{9A19103F-16F7-4668-BE54-9A1E7A4F7556}") = "IBusiness", "..\IBusiness\IBusiness.csproj", "{C0720243-77A0-477A-A8C7-6C144CA4514B}"
EndProject
Project("{9A19103F-16F7-4668-BE54-9A1E7A4F7556}") = "Business", "..\Business\Business.csproj", "{F69FC6FA-EEFB-4B77-9867-901FE6CD2DE5}"
EndProject
Project("{9A19103F-16F7-4668-BE54-9A1E7A4F7556}") = "Content", "..\Content\Content.csproj", "{AD3A078E-911F-42A0-B097-10AF43FC500E}"
EndProject
Project("{9A19103F-16F7-4668-BE54-9A1E7A4F7556}") = "Helpers", "..\Helpers\Helpers.csproj", "{DDD9FED1-5F85-42BC-A7CE-C1A7B8D54436}"
EndProject
Global
	GlobalSection(SolutionConfigurationPlatforms) = preSolution
		Debug|Any CPU = Debug|Any CPU
		Release|Any CPU = Release|Any CPU
	EndGlobalSection
	GlobalSection(ProjectConfigurationPlatforms) = postSolution
		{66CEEC51-D4D1-496F-B56B-32B18F34DFEC}.Debug|Any CPU.ActiveCfg = Debug|Any CPU
		{66CEEC51-D4D1-496F-B56B-32B18F34DFEC}.Debug|Any CPU.Build.0 = Debug|Any CPU
		{66CEEC51-D4D1-496F-B56B-32B18F34DFEC}.Release|Any CPU.ActiveCfg = Release|Any CPU
		{66CEEC51-D4D1-496F-B56B-32B18F34DFEC}.Release|Any CPU.Build.0 = Release|Any CPU
		{3D004A15-3C01-49A5-B67B-C56394160A7F}.Debug|Any CPU.ActiveCfg = Debug|Any CPU
		{3D004A15-3C01-49A5-B67B-C56394160A7F}.Debug|Any CPU.Build.0 = Debug|Any CPU
		{3D004A15-3C01-49A5-B67B-C56394160A7F}.Release|Any CPU.ActiveCfg = Release|Any CPU
		{3D004A15-3C01-49A5-B67B-C56394160A7F}.Release|Any CPU.Build.0 = Release|Any CPU
		{E3E87103-B49C-433B-BF0F-3985F012FFBC}.Debug|Any CPU.ActiveCfg = Debug|Any CPU
		{E3E87103-B49C-433B-BF0F-3985F012FFBC}.Debug|Any CPU.Build.0 = Debug|Any CPU
		{E3E87103-B49C-433B-BF0F-3985F012FFBC}.Release|Any CPU.ActiveCfg = Release|Any CPU
		{E3E87103-B49C-433B-BF0F-3985F012FFBC}.Release|Any CPU.Build.0 = Release|Any CPU
		{82CD8FD3-DBA8-4C9B-8F2B-39ADD1769922}.Debug|Any CPU.ActiveCfg = Debug|Any CPU
		{82CD8FD3-DBA8-4C9B-8F2B-39ADD1769922}.Debug|Any CPU.Build.0 = Debug|Any CPU
		{82CD8FD3-DBA8-4C9B-8F2B-39ADD1769922}.Release|Any CPU.ActiveCfg = Release|Any CPU
		{82CD8FD3-DBA8-4C9B-8F2B-39ADD1769922}.Release|Any CPU.Build.0 = Release|Any CPU
		{C0720243-77A0-477A-A8C7-6C144CA4514B}.Debug|Any CPU.ActiveCfg = Debug|Any CPU
		{C0720243-77A0-477A-A8C7-6C144CA4514B}.Debug|Any CPU.Build.0 = Debug|Any CPU
		{C0720243-77A0-477A-A8C7-6C144CA4514B}.Release|Any CPU.ActiveCfg = Release|Any CPU
		{C0720243-77A0-477A-A8C7-6C144CA4514B}.Release|Any CPU.Build.0 = Release|Any CPU
		{F69FC6FA-EEFB-4B77-9867-901FE6CD2DE5}.Debug|Any CPU.ActiveCfg = Debug|Any CPU
		{F69FC6FA-EEFB-4B77-9867-901FE6CD2DE5}.Debug|Any CPU.Build.0 = Debug|Any CPU
		{F69FC6FA-EEFB-4B77-9867-901FE6CD2DE5}.Release|Any CPU.ActiveCfg = Release|Any CPU
		{F69FC6FA-EEFB-4B77-9867-901FE6CD2DE5}.Release|Any CPU.Build.0 = Release|Any CPU
		{AD3A078E-911F-42A0-B097-10AF43FC500E}.Debug|Any CPU.ActiveCfg = Debug|Any CPU
		{AD3A078E-911F-42A0-B097-10AF43FC500E}.Debug|Any CPU.Build.0 = Debug|Any CPU
		{AD3A078E-911F-42A0-B097-10AF43FC500E}.Release|Any CPU.ActiveCfg = Release|Any CPU
		{AD3A078E-911F-42A0-B097-10AF43FC500E}.Release|Any CPU.Build.0 = Release|Any CPU
		{DDD9FED1-5F85-42BC-A7CE-C1A7B8D54436}.Debug|Any CPU.ActiveCfg = Debug|Any CPU
		{DDD9FED1-5F85-42BC-A7CE-C1A7B8D54436}.Debug|Any CPU.Build.0 = Debug|Any CPU
		{DDD9FED1-5F85-42BC-A7CE-C1A7B8D54436}.Release|Any CPU.ActiveCfg = Release|Any CPU
		{DDD9FED1-5F85-42BC-A7CE-C1A7B8D54436}.Release|Any CPU.Build.0 = Release|Any CPU
	EndGlobalSection
	GlobalSection(SolutionProperties) = preSolution
		HideSolutionNode = FALSE
	EndGlobalSection
	GlobalSection(ExtensibilityGlobals) = postSolution
		SolutionGuid = {C549BBCA-E6E1-4312-BA09-F13E50B83633}
	EndGlobalSection
EndGlobal
